// !$*UTF8*$!
{
	archiveVersion = 1;
	classes = {
	};
	objectVersion = 50;
	objects = {

/* Begin PBXBuildFile section */
		3418AD72242EE4D1002FF29B /* StudentLocations.swift in Sources */ = {isa = PBXBuildFile; fileRef = 3418AD71242EE4D1002FF29B /* StudentLocations.swift */; };
		3418AD7524307D13002FF29B /* Client.swift in Sources */ = {isa = PBXBuildFile; fileRef = 3418AD7424307D13002FF29B /* Client.swift */; };
		3418AD7824308451002FF29B /* DataModel.swift in Sources */ = {isa = PBXBuildFile; fileRef = 3418AD7724308451002FF29B /* DataModel.swift */; };
		3422C12924298B0000535C47 /* StudentLocation.swift in Sources */ = {isa = PBXBuildFile; fileRef = 3422C12824298B0000535C47 /* StudentLocation.swift */; };
		34515A892427769300A08F8B /* TabBarViewController.swift in Sources */ = {isa = PBXBuildFile; fileRef = 34515A882427769300A08F8B /* TabBarViewController.swift */; };
		34515A8B2427876C00A08F8B /* AddLocationViewController.swift in Sources */ = {isa = PBXBuildFile; fileRef = 34515A8A2427876C00A08F8B /* AddLocationViewController.swift */; };
		34515A8D242787CD00A08F8B /* FindLocationViewController.swift in Sources */ = {isa = PBXBuildFile; fileRef = 34515A8C242787CD00A08F8B /* FindLocationViewController.swift */; };
		3483EF7D24271B8400863D22 /* AppDelegate.swift in Sources */ = {isa = PBXBuildFile; fileRef = 3483EF7C24271B8400863D22 /* AppDelegate.swift */; };
		3483EF7F24271B8400863D22 /* SceneDelegate.swift in Sources */ = {isa = PBXBuildFile; fileRef = 3483EF7E24271B8400863D22 /* SceneDelegate.swift */; };
		3483EF8124271B8400863D22 /* MapViewController.swift in Sources */ = {isa = PBXBuildFile; fileRef = 3483EF8024271B8400863D22 /* MapViewController.swift */; };
		3483EF8324271B8400863D22 /* ListViewController.swift in Sources */ = {isa = PBXBuildFile; fileRef = 3483EF8224271B8400863D22 /* ListViewController.swift */; };
		3483EF8624271B8400863D22 /* Main.storyboard in Resources */ = {isa = PBXBuildFile; fileRef = 3483EF8424271B8400863D22 /* Main.storyboard */; };
		3483EF8824271B8A00863D22 /* Assets.xcassets in Resources */ = {isa = PBXBuildFile; fileRef = 3483EF8724271B8A00863D22 /* Assets.xcassets */; };
		3483EF8B24271B8A00863D22 /* LaunchScreen.storyboard in Resources */ = {isa = PBXBuildFile; fileRef = 3483EF8924271B8A00863D22 /* LaunchScreen.storyboard */; };
		3483EF9324271EEC00863D22 /* LoginViewController.swift in Sources */ = {isa = PBXBuildFile; fileRef = 3483EF9224271EEC00863D22 /* LoginViewController.swift */; };
/* End PBXBuildFile section */

/* Begin PBXFileReference section */
		3418AD71242EE4D1002FF29B /* StudentLocations.swift */ = {isa = PBXFileReference; lastKnownFileType = sourcecode.swift; path = StudentLocations.swift; sourceTree = "<group>"; };
		3418AD7424307D13002FF29B /* Client.swift */ = {isa = PBXFileReference; lastKnownFileType = sourcecode.swift; path = Client.swift; sourceTree = "<group>"; };
		3418AD7724308451002FF29B /* DataModel.swift */ = {isa = PBXFileReference; lastKnownFileType = sourcecode.swift; path = DataModel.swift; sourceTree = "<group>"; };
		3422C12824298B0000535C47 /* StudentLocation.swift */ = {isa = PBXFileReference; lastKnownFileType = sourcecode.swift; path = StudentLocation.swift; sourceTree = "<group>"; };
		34515A882427769300A08F8B /* TabBarViewController.swift */ = {isa = PBXFileReference; lastKnownFileType = sourcecode.swift; path = TabBarViewController.swift; sourceTree = "<group>"; };
		34515A8A2427876C00A08F8B /* AddLocationViewController.swift */ = {isa = PBXFileReference; lastKnownFileType = sourcecode.swift; path = AddLocationViewController.swift; sourceTree = "<group>"; };
		34515A8C242787CD00A08F8B /* FindLocationViewController.swift */ = {isa = PBXFileReference; lastKnownFileType = sourcecode.swift; path = FindLocationViewController.swift; sourceTree = "<group>"; };
		3483EF7924271B8400863D22 /* OnTheMap.app */ = {isa = PBXFileReference; explicitFileType = wrapper.application; includeInIndex = 0; path = OnTheMap.app; sourceTree = BUILT_PRODUCTS_DIR; };
		3483EF7C24271B8400863D22 /* AppDelegate.swift */ = {isa = PBXFileReference; lastKnownFileType = sourcecode.swift; path = AppDelegate.swift; sourceTree = "<group>"; };
		3483EF7E24271B8400863D22 /* SceneDelegate.swift */ = {isa = PBXFileReference; lastKnownFileType = sourcecode.swift; path = SceneDelegate.swift; sourceTree = "<group>"; };
		3483EF8024271B8400863D22 /* MapViewController.swift */ = {isa = PBXFileReference; lastKnownFileType = sourcecode.swift; path = MapViewController.swift; sourceTree = "<group>"; };
		3483EF8224271B8400863D22 /* ListViewController.swift */ = {isa = PBXFileReference; lastKnownFileType = sourcecode.swift; path = ListViewController.swift; sourceTree = "<group>"; };
		3483EF8524271B8400863D22 /* Base */ = {isa = PBXFileReference; lastKnownFileType = file.storyboard; name = Base; path = Base.lproj/Main.storyboard; sourceTree = "<group>"; };
		3483EF8724271B8A00863D22 /* Assets.xcassets */ = {isa = PBXFileReference; lastKnownFileType = folder.assetcatalog; path = Assets.xcassets; sourceTree = "<group>"; };
		3483EF8A24271B8A00863D22 /* Base */ = {isa = PBXFileReference; lastKnownFileType = file.storyboard; name = Base; path = Base.lproj/LaunchScreen.storyboard; sourceTree = "<group>"; };
		3483EF8C24271B8A00863D22 /* Info.plist */ = {isa = PBXFileReference; lastKnownFileType = text.plist.xml; path = Info.plist; sourceTree = "<group>"; };
		3483EF9224271EEC00863D22 /* LoginViewController.swift */ = {isa = PBXFileReference; lastKnownFileType = sourcecode.swift; path = LoginViewController.swift; sourceTree = "<group>"; };
/* End PBXFileReference section */

/* Begin PBXFrameworksBuildPhase section */
		3483EF7624271B8400863D22 /* Frameworks */ = {
			isa = PBXFrameworksBuildPhase;
			buildActionMask = 2147483647;
			files = (
			);
			runOnlyForDeploymentPostprocessing = 0;
		};
/* End PBXFrameworksBuildPhase section */

/* Begin PBXGroup section */
		3418AD7324307CAD002FF29B /* Client */ = {
			isa = PBXGroup;
			children = (
				3418AD7424307D13002FF29B /* Client.swift */,
			);
			path = Client;
			sourceTree = "<group>";
		};
		3418AD762430843C002FF29B /* Data */ = {
			isa = PBXGroup;
			children = (
				3418AD7724308451002FF29B /* DataModel.swift */,
			);
			path = Data;
			sourceTree = "<group>";
		};
		3422C12724298ADE00535C47 /* Responses */ = {
			isa = PBXGroup;
			children = (
				3422C12824298B0000535C47 /* StudentLocation.swift */,
				3418AD71242EE4D1002FF29B /* StudentLocations.swift */,
			);
			path = Responses;
			sourceTree = "<group>";
		};
		3483EF7024271B8400863D22 = {
			isa = PBXGroup;
			children = (
				3483EF7B24271B8400863D22 /* OnTheMap */,
				3483EF7A24271B8400863D22 /* Products */,
			);
			sourceTree = "<group>";
		};
		3483EF7A24271B8400863D22 /* Products */ = {
			isa = PBXGroup;
			children = (
				3483EF7924271B8400863D22 /* OnTheMap.app */,
			);
			name = Products;
			sourceTree = "<group>";
		};
		3483EF7B24271B8400863D22 /* OnTheMap */ = {
			isa = PBXGroup;
			children = (
				3418AD762430843C002FF29B /* Data */,
				3418AD7324307CAD002FF29B /* Client */,
				3483EF7C24271B8400863D22 /* AppDelegate.swift */,
				3483EF7E24271B8400863D22 /* SceneDelegate.swift */,
				3483EF8C24271B8A00863D22 /* Info.plist */,
				3422C12724298ADE00535C47 /* Responses */,
				3483EF9424271F2100863D22 /* Controller */,
				3483EF9524271F7B00863D22 /* Assets */,
			);
			path = OnTheMap;
			sourceTree = "<group>";
		};
		3483EF9424271F2100863D22 /* Controller */ = {
			isa = PBXGroup;
			children = (
				3483EF8024271B8400863D22 /* MapViewController.swift */,
				34515A8A2427876C00A08F8B /* AddLocationViewController.swift */,
				34515A8C242787CD00A08F8B /* FindLocationViewController.swift */,
				34515A882427769300A08F8B /* TabBarViewController.swift */,
				3483EF8224271B8400863D22 /* ListViewController.swift */,
				3483EF9224271EEC00863D22 /* LoginViewController.swift */,
			);
			path = Controller;
			sourceTree = "<group>";
		};
		3483EF9524271F7B00863D22 /* Assets */ = {
			isa = PBXGroup;
			children = (
				3483EF8424271B8400863D22 /* Main.storyboard */,
				3483EF8724271B8A00863D22 /* Assets.xcassets */,
				3483EF8924271B8A00863D22 /* LaunchScreen.storyboard */,
			);
			path = Assets;
			sourceTree = "<group>";
		};
/* End PBXGroup section */

/* Begin PBXNativeTarget section */
		3483EF7824271B8400863D22 /* OnTheMap */ = {
			isa = PBXNativeTarget;
			buildConfigurationList = 3483EF8F24271B8A00863D22 /* Build configuration list for PBXNativeTarget "OnTheMap" */;
			buildPhases = (
				3483EF7524271B8400863D22 /* Sources */,
				3483EF7624271B8400863D22 /* Frameworks */,
				3483EF7724271B8400863D22 /* Resources */,
			);
			buildRules = (
			);
			dependencies = (
			);
			name = OnTheMap;
			productName = OnTheMap;
			productReference = 3483EF7924271B8400863D22 /* OnTheMap.app */;
			productType = "com.apple.product-type.application";
		};
/* End PBXNativeTarget section */

/* Begin PBXProject section */
		3483EF7124271B8400863D22 /* Project object */ = {
			isa = PBXProject;
			attributes = {
				LastSwiftUpdateCheck = 1130;
				LastUpgradeCheck = 1130;
				ORGANIZATIONNAME = RiRiStudio;
				TargetAttributes = {
					3483EF7824271B8400863D22 = {
						CreatedOnToolsVersion = 11.3.1;
					};
				};
			};
			buildConfigurationList = 3483EF7424271B8400863D22 /* Build configuration list for PBXProject "OnTheMap" */;
			compatibilityVersion = "Xcode 9.3";
			developmentRegion = en;
			hasScannedForEncodings = 0;
			knownRegions = (
				en,
				Base,
			);
			mainGroup = 3483EF7024271B8400863D22;
			productRefGroup = 3483EF7A24271B8400863D22 /* Products */;
			projectDirPath = "";
			projectRoot = "";
			targets = (
				3483EF7824271B8400863D22 /* OnTheMap */,
			);
		};
/* End PBXProject section */

/* Begin PBXResourcesBuildPhase section */
		3483EF7724271B8400863D22 /* Resources */ = {
			isa = PBXResourcesBuildPhase;
			buildActionMask = 2147483647;
			files = (
				3483EF8B24271B8A00863D22 /* LaunchScreen.storyboard in Resources */,
				3483EF8824271B8A00863D22 /* Assets.xcassets in Resources */,
				3483EF8624271B8400863D22 /* Main.storyboard in Resources */,
			);
			runOnlyForDeploymentPostprocessing = 0;
		};
/* End PBXResourcesBuildPhase section */

/* Begin PBXSourcesBuildPhase section */
		3483EF7524271B8400863D22 /* Sources */ = {
			isa = PBXSourcesBuildPhase;
			buildActionMask = 2147483647;
			files = (
				3418AD72242EE4D1002FF29B /* StudentLocations.swift in Sources */,
				3422C12924298B0000535C47 /* StudentLocation.swift in Sources */,
				34515A8D242787CD00A08F8B /* FindLocationViewController.swift in Sources */,
				3483EF8324271B8400863D22 /* ListViewController.swift in Sources */,
				3418AD7524307D13002FF29B /* Client.swift in Sources */,
				3418AD7824308451002FF29B /* DataModel.swift in Sources */,
				34515A892427769300A08F8B /* TabBarViewController.swift in Sources */,
				3483EF8124271B8400863D22 /* MapViewController.swift in Sources */,
				34515A8B2427876C00A08F8B /* AddLocationViewController.swift in Sources */,
				3483EF7D24271B8400863D22 /* AppDelegate.swift in Sources */,
				3483EF9324271EEC00863D22 /* LoginViewController.swift in Sources */,
				3483EF7F24271B8400863D22 /* SceneDelegate.swift in Sources */,
			);
			runOnlyForDeploymentPostprocessing = 0;
		};
/* End PBXSourcesBuildPhase section */

/* Begin PBXVariantGroup section */
		3483EF8424271B8400863D22 /* Main.storyboard */ = {
			isa = PBXVariantGroup;
			children = (
				3483EF8524271B8400863D22 /* Base */,
			);
			name = Main.storyboard;
			sourceTree = "<group>";
		};
		3483EF8924271B8A00863D22 /* LaunchScreen.storyboard */ = {
			isa = PBXVariantGroup;
			children = (
				3483EF8A24271B8A00863D22 /* Base */,
			);
			name = LaunchScreen.storyboard;
			sourceTree = "<group>";
		};
/* End PBXVariantGroup section */

/* Begin XCBuildConfiguration section */
		3483EF8D24271B8A00863D22 /* Debug */ = {
			isa = XCBuildConfiguration;
			buildSettings = {
				ALWAYS_SEARCH_USER_PATHS = NO;
				CLANG_ANALYZER_NONNULL = YES;
				CLANG_ANALYZER_NUMBER_OBJECT_CONVERSION = YES_AGGRESSIVE;
				CLANG_CXX_LANGUAGE_STANDARD = "gnu++14";
				CLANG_CXX_LIBRARY = "libc++";
				CLANG_ENABLE_MODULES = YES;
				CLANG_ENABLE_OBJC_ARC = YES;
				CLANG_ENABLE_OBJC_WEAK = YES;
				CLANG_WARN_BLOCK_CAPTURE_AUTORELEASING = YES;
				CLANG_WARN_BOOL_CONVERSION = YES;
				CLANG_WARN_COMMA = YES;
				CLANG_WARN_CONSTANT_CONVERSION = YES;
				CLANG_WARN_DEPRECATED_OBJC_IMPLEMENTATIONS = YES;
				CLANG_WARN_DIRECT_OBJC_ISA_USAGE = YES_ERROR;
				CLANG_WARN_DOCUMENTATION_COMMENTS = YES;
				CLANG_WARN_EMPTY_BODY = YES;
				CLANG_WARN_ENUM_CONVERSION = YES;
				CLANG_WARN_INFINITE_RECURSION = YES;
				CLANG_WARN_INT_CONVERSION = YES;
				CLANG_WARN_NON_LITERAL_NULL_CONVERSION = YES;
				CLANG_WARN_OBJC_IMPLICIT_RETAIN_SELF = YES;
				CLANG_WARN_OBJC_LITERAL_CONVERSION = YES;
				CLANG_WARN_OBJC_ROOT_CLASS = YES_ERROR;
				CLANG_WARN_RANGE_LOOP_ANALYSIS = YES;
				CLANG_WARN_STRICT_PROTOTYPES = YES;
				CLANG_WARN_SUSPICIOUS_MOVE = YES;
				CLANG_WARN_UNGUARDED_AVAILABILITY = YES_AGGRESSIVE;
				CLANG_WARN_UNREACHABLE_CODE = YES;
				CLANG_WARN__DUPLICATE_METHOD_MATCH = YES;
				COPY_PHASE_STRIP = NO;
				DEBUG_INFORMATION_FORMAT = dwarf;
				ENABLE_STRICT_OBJC_MSGSEND = YES;
				ENABLE_TESTABILITY = YES;
				GCC_C_LANGUAGE_STANDARD = gnu11;
				GCC_DYNAMIC_NO_PIC = NO;
				GCC_NO_COMMON_BLOCKS = YES;
				GCC_OPTIMIZATION_LEVEL = 0;
				GCC_PREPROCESSOR_DEFINITIONS = (
					"DEBUG=1",
					"$(inherited)",
				);
				GCC_WARN_64_TO_32_BIT_CONVERSION = YES;
				GCC_WARN_ABOUT_RETURN_TYPE = YES_ERROR;
				GCC_WARN_UNDECLARED_SELECTOR = YES;
				GCC_WARN_UNINITIALIZED_AUTOS = YES_AGGRESSIVE;
				GCC_WARN_UNUSED_FUNCTION = YES;
				GCC_WARN_UNUSED_VARIABLE = YES;
				IPHONEOS_DEPLOYMENT_TARGET = 13.2;
				MTL_ENABLE_DEBUG_INFO = INCLUDE_SOURCE;
				MTL_FAST_MATH = YES;
				ONLY_ACTIVE_ARCH = YES;
				SDKROOT = iphoneos;
				SWIFT_ACTIVE_COMPILATION_CONDITIONS = DEBUG;
				SWIFT_OPTIMIZATION_LEVEL = "-Onone";
			};
			name = Debug;
		};
		3483EF8E24271B8A00863D22 /* Release */ = {
			isa = XCBuildConfiguration;
			buildSettings = {
				ALWAYS_SEARCH_USER_PATHS = NO;
				CLANG_ANALYZER_NONNULL = YES;
				CLANG_ANALYZER_NUMBER_OBJECT_CONVERSION = YES_AGGRESSIVE;
				CLANG_CXX_LANGUAGE_STANDARD = "gnu++14";
				CLANG_CXX_LIBRARY = "libc++";
				CLANG_ENABLE_MODULES = YES;
				CLANG_ENABLE_OBJC_ARC = YES;
				CLANG_ENABLE_OBJC_WEAK = YES;
				CLANG_WARN_BLOCK_CAPTURE_AUTORELEASING = YES;
				CLANG_WARN_BOOL_CONVERSION = YES;
				CLANG_WARN_COMMA = YES;
				CLANG_WARN_CONSTANT_CONVERSION = YES;
				CLANG_WARN_DEPRECATED_OBJC_IMPLEMENTATIONS = YES;
				CLANG_WARN_DIRECT_OBJC_ISA_USAGE = YES_ERROR;
				CLANG_WARN_DOCUMENTATION_COMMENTS = YES;
				CLANG_WARN_EMPTY_BODY = YES;
				CLANG_WARN_ENUM_CONVERSION = YES;
				CLANG_WARN_INFINITE_RECURSION = YES;
				CLANG_WARN_INT_CONVERSION = YES;
				CLANG_WARN_NON_LITERAL_NULL_CONVERSION = YES;
				CLANG_WARN_OBJC_IMPLICIT_RETAIN_SELF = YES;
				CLANG_WARN_OBJC_LITERAL_CONVERSION = YES;
				CLANG_WARN_OBJC_ROOT_CLASS = YES_ERROR;
				CLANG_WARN_RANGE_LOOP_ANALYSIS = YES;
				CLANG_WARN_STRICT_PROTOTYPES = YES;
				CLANG_WARN_SUSPICIOUS_MOVE = YES;
				CLANG_WARN_UNGUARDED_AVAILABILITY = YES_AGGRESSIVE;
				CLANG_WARN_UNREACHABLE_CODE = YES;
				CLANG_WARN__DUPLICATE_METHOD_MATCH = YES;
				COPY_PHASE_STRIP = NO;
				DEBUG_INFORMATION_FORMAT = "dwarf-with-dsym";
				ENABLE_NS_ASSERTIONS = NO;
				ENABLE_STRICT_OBJC_MSGSEND = YES;
				GCC_C_LANGUAGE_STANDARD = gnu11;
				GCC_NO_COMMON_BLOCKS = YES;
				GCC_WARN_64_TO_32_BIT_CONVERSION = YES;
				GCC_WARN_ABOUT_RETURN_TYPE = YES_ERROR;
				GCC_WARN_UNDECLARED_SELECTOR = YES;
				GCC_WARN_UNINITIALIZED_AUTOS = YES_AGGRESSIVE;
				GCC_WARN_UNUSED_FUNCTION = YES;
				GCC_WARN_UNUSED_VARIABLE = YES;
				IPHONEOS_DEPLOYMENT_TARGET = 13.2;
				MTL_ENABLE_DEBUG_INFO = NO;
				MTL_FAST_MATH = YES;
				SDKROOT = iphoneos;
				SWIFT_COMPILATION_MODE = wholemodule;
				SWIFT_OPTIMIZATION_LEVEL = "-O";
				VALIDATE_PRODUCT = YES;
			};
			name = Release;
		};
		3483EF9024271B8A00863D22 /* Debug */ = {
			isa = XCBuildConfiguration;
			buildSettings = {
				ASSETCATALOG_COMPILER_APPICON_NAME = AppIcon;
				CODE_SIGN_STYLE = Automatic;
				DEVELOPMENT_TEAM = TM9X93V3F2;
				INFOPLIST_FILE = OnTheMap/Info.plist;
				LD_RUNPATH_SEARCH_PATHS = (
					"$(inherited)",
					"@executable_path/Frameworks",
				);
				PRODUCT_BUNDLE_IDENTIFIER = com.RiRiStudio.OnTheMap;
				PRODUCT_NAME = "$(TARGET_NAME)";
				SWIFT_VERSION = 5.0;
				TARGETED_DEVICE_FAMILY = "1,2";
			};
			name = Debug;
		};
		3483EF9124271B8A00863D22 /* Release */ = {
			isa = XCBuildConfiguration;
			buildSettings = {
				ASSETCATALOG_COMPILER_APPICON_NAME = AppIcon;
				CODE_SIGN_STYLE = Automatic;
				DEVELOPMENT_TEAM = TM9X93V3F2;
				INFOPLIST_FILE = OnTheMap/Info.plist;
				LD_RUNPATH_SEARCH_PATHS = (
					"$(inherited)",
					"@executable_path/Frameworks",
				);
				PRODUCT_BUNDLE_IDENTIFIER = com.RiRiStudio.OnTheMap;
				PRODUCT_NAME = "$(TARGET_NAME)";
				SWIFT_VERSION = 5.0;
				TARGETED_DEVICE_FAMILY = "1,2";
			};
			name = Release;
		};
/* End XCBuildConfiguration section */

/* Begin XCConfigurationList section */
		3483EF7424271B8400863D22 /* Build configuration list for PBXProject "OnTheMap" */ = {
			isa = XCConfigurationList;
			buildConfigurations = (
				3483EF8D24271B8A00863D22 /* Debug */,
				3483EF8E24271B8A00863D22 /* Release */,
			);
			defaultConfigurationIsVisible = 0;
			defaultConfigurationName = Release;
		};
		3483EF8F24271B8A00863D22 /* Build configuration list for PBXNativeTarget "OnTheMap" */ = {
			isa = XCConfigurationList;
			buildConfigurations = (
				3483EF9024271B8A00863D22 /* Debug */,
				3483EF9124271B8A00863D22 /* Release */,
			);
			defaultConfigurationIsVisible = 0;
			defaultConfigurationName = Release;
		};
/* End XCConfigurationList section */
	};
	rootObject = 3483EF7124271B8400863D22 /* Project object */;
}
